// !$*UTF8*$!
{
	archiveVersion = 1;
	classes = {
	};
	objectVersion = 46;
	objects = {

/* Begin PBXBuildFile section */
		8761E2CE1C035A8800F9D2C8 /* Assets.xcassets in Resources */ = {isa = PBXBuildFile; fileRef = 8761E2CD1C035A8800F9D2C8 /* Assets.xcassets */; };
		8761E2D81C03629200F9D2C8 /* LoginViewController.swift in Sources */ = {isa = PBXBuildFile; fileRef = 8761E2D71C03629200F9D2C8 /* LoginViewController.swift */; };
		8761E2DA1C0365E600F9D2C8 /* RegistrationViewController.swift in Sources */ = {isa = PBXBuildFile; fileRef = 8761E2D91C0365E600F9D2C8 /* RegistrationViewController.swift */; };
		8761E2DC1C036F8100F9D2C8 /* UserModel.swift in Sources */ = {isa = PBXBuildFile; fileRef = 8761E2DB1C036F8100F9D2C8 /* UserModel.swift */; };
		87F77E071C03CC370057A3A6 /* FixImageOrientation.swift in Sources */ = {isa = PBXBuildFile; fileRef = 87F77E061C03CC370057A3A6 /* FixImageOrientation.swift */; };
		87F9387E1BFBEE47005DB677 /* MapKit.framework in Frameworks */ = {isa = PBXBuildFile; fileRef = 87F9387D1BFBEE47005DB677 /* MapKit.framework */; };
		9E5764151BFFB6D000D12066 /* global.swift in Sources */ = {isa = PBXBuildFile; fileRef = 9E5764141BFFB6D000D12066 /* global.swift */; };
		9E673F801C03CB6E00124838 /* SettingsViewController.swift in Sources */ = {isa = PBXBuildFile; fileRef = 9E673F7F1C03CB6E00124838 /* SettingsViewController.swift */; };
		9E799FE31BFE1DA8002232FD /* crumb.swift in Sources */ = {isa = PBXBuildFile; fileRef = 9E799FE21BFE1DA8002232FD /* crumb.swift */; };
		9E996ABB1C00DFA80072B916 /* Pods_breadCrumbs.framework in Frameworks */ = {isa = PBXBuildFile; fileRef = 5770B87D734234A34B7B2B59 /* Pods_breadCrumbs.framework */; };
		9E996ABC1C00DFA80072B916 /* Pods_breadCrumbs.framework in Embed Frameworks */ = {isa = PBXBuildFile; fileRef = 5770B87D734234A34B7B2B59 /* Pods_breadCrumbs.framework */; settings = {ATTRIBUTES = (CodeSignOnCopy, RemoveHeadersOnCopy, ); }; };
		9E996AD61C00E0780072B916 /* Alamofire.framework in Frameworks */ = {isa = PBXBuildFile; fileRef = 9E996AC91C00E0690072B916 /* Alamofire.framework */; };
		9E996AD71C00E0780072B916 /* Alamofire.framework in Embed Frameworks */ = {isa = PBXBuildFile; fileRef = 9E996AC91C00E0690072B916 /* Alamofire.framework */; settings = {ATTRIBUTES = (CodeSignOnCopy, RemoveHeadersOnCopy, ); }; };
		9EABA4521BFBE65A0094EC6A /* AppDelegate.swift in Sources */ = {isa = PBXBuildFile; fileRef = 9EABA4511BFBE65A0094EC6A /* AppDelegate.swift */; };
		9EABA4541BFBE65A0094EC6A /* MainMapViewController.swift in Sources */ = {isa = PBXBuildFile; fileRef = 9EABA4531BFBE65A0094EC6A /* MainMapViewController.swift */; };
		9EABA4561BFBE65A0094EC6A /* AddBreadCrumbViewController.swift in Sources */ = {isa = PBXBuildFile; fileRef = 9EABA4551BFBE65A0094EC6A /* AddBreadCrumbViewController.swift */; };
		9EABA4591BFBE65A0094EC6A /* Main.storyboard in Resources */ = {isa = PBXBuildFile; fileRef = 9EABA4571BFBE65A0094EC6A /* Main.storyboard */; };
		9EABA45E1BFBE65A0094EC6A /* LaunchScreen.storyboard in Resources */ = {isa = PBXBuildFile; fileRef = 9EABA45C1BFBE65A0094EC6A /* LaunchScreen.storyboard */; };
		9ECE544F1C03E8D5009179E8 /* AboutPageViewController.swift in Sources */ = {isa = PBXBuildFile; fileRef = 9ECE544E1C03E8D5009179E8 /* AboutPageViewController.swift */; };
		9ED2C45F1BFE9783008AC393 /* Utilities.swift in Sources */ = {isa = PBXBuildFile; fileRef = 9ED2C45E1BFE9783008AC393 /* Utilities.swift */; };
		9EE810131C010FE300DE1159 /* PushCrumb.swift in Sources */ = {isa = PBXBuildFile; fileRef = 9EE810121C010FE300DE1159 /* PushCrumb.swift */; };
		9EFE50221C026754004C5791 /* SingleCrumbViewController.swift in Sources */ = {isa = PBXBuildFile; fileRef = 9EFE50211C026754004C5791 /* SingleCrumbViewController.swift */; };
/* End PBXBuildFile section */

/* Begin PBXContainerItemProxy section */
		9E996AC81C00E0690072B916 /* PBXContainerItemProxy */ = {
			isa = PBXContainerItemProxy;
			containerPortal = 9E996ABE1C00E0690072B916 /* Alamofire.xcodeproj */;
			proxyType = 2;
			remoteGlobalIDString = F8111E3319A95C8B0040E7D1;
			remoteInfo = "Alamofire iOS";
		};
		9E996ACA1C00E0690072B916 /* PBXContainerItemProxy */ = {
			isa = PBXContainerItemProxy;
			containerPortal = 9E996ABE1C00E0690072B916 /* Alamofire.xcodeproj */;
			proxyType = 2;
			remoteGlobalIDString = F8111E3E19A95C8B0040E7D1;
			remoteInfo = "Alamofire iOS Tests";
		};
		9E996ACC1C00E0690072B916 /* PBXContainerItemProxy */ = {
			isa = PBXContainerItemProxy;
			containerPortal = 9E996ABE1C00E0690072B916 /* Alamofire.xcodeproj */;
			proxyType = 2;
			remoteGlobalIDString = 4DD67C0B1A5C55C900ED2280;
			remoteInfo = "Alamofire OSX";
		};
		9E996ACE1C00E0690072B916 /* PBXContainerItemProxy */ = {
			isa = PBXContainerItemProxy;
			containerPortal = 9E996ABE1C00E0690072B916 /* Alamofire.xcodeproj */;
			proxyType = 2;
			remoteGlobalIDString = F829C6B21A7A94F100A2CD59;
			remoteInfo = "Alamofire OSX Tests";
		};
		9E996AD01C00E0690072B916 /* PBXContainerItemProxy */ = {
			isa = PBXContainerItemProxy;
			containerPortal = 9E996ABE1C00E0690072B916 /* Alamofire.xcodeproj */;
			proxyType = 2;
			remoteGlobalIDString = 4CF626EF1BA7CB3E0011A099;
			remoteInfo = "Alamofire tvOS";
		};
		9E996AD21C00E0690072B916 /* PBXContainerItemProxy */ = {
			isa = PBXContainerItemProxy;
			containerPortal = 9E996ABE1C00E0690072B916 /* Alamofire.xcodeproj */;
			proxyType = 2;
			remoteGlobalIDString = 4CF626F81BA7CB3E0011A099;
			remoteInfo = "Alamofire tvOS Tests";
		};
		9E996AD41C00E0690072B916 /* PBXContainerItemProxy */ = {
			isa = PBXContainerItemProxy;
			containerPortal = 9E996ABE1C00E0690072B916 /* Alamofire.xcodeproj */;
			proxyType = 2;
			remoteGlobalIDString = E4202FE01B667AA100C997FB;
			remoteInfo = "Alamofire watchOS";
		};
		9E996AD81C00E0780072B916 /* PBXContainerItemProxy */ = {
			isa = PBXContainerItemProxy;
			containerPortal = 9E996ABE1C00E0690072B916 /* Alamofire.xcodeproj */;
			proxyType = 1;
			remoteGlobalIDString = F8111E3219A95C8B0040E7D1;
			remoteInfo = "Alamofire iOS";
		};
/* End PBXContainerItemProxy section */

/* Begin PBXCopyFilesBuildPhase section */
		9E996ABD1C00DFA80072B916 /* Embed Frameworks */ = {
			isa = PBXCopyFilesBuildPhase;
			buildActionMask = 2147483647;
			dstPath = "";
			dstSubfolderSpec = 10;
			files = (
				9E996ABC1C00DFA80072B916 /* Pods_breadCrumbs.framework in Embed Frameworks */,
				9E996AD71C00E0780072B916 /* Alamofire.framework in Embed Frameworks */,
			);
			name = "Embed Frameworks";
			runOnlyForDeploymentPostprocessing = 0;
		};
/* End PBXCopyFilesBuildPhase section */

/* Begin PBXFileReference section */
		499731D010E4BF87B3CE7F13 /* Pods-breadCrumbs.debug.xcconfig */ = {isa = PBXFileReference; includeInIndex = 1; lastKnownFileType = text.xcconfig; name = "Pods-breadCrumbs.debug.xcconfig"; path = "Pods/Target Support Files/Pods-breadCrumbs/Pods-breadCrumbs.debug.xcconfig"; sourceTree = "<group>"; };
		5770B87D734234A34B7B2B59 /* Pods_breadCrumbs.framework */ = {isa = PBXFileReference; explicitFileType = wrapper.framework; includeInIndex = 0; path = Pods_breadCrumbs.framework; sourceTree = BUILT_PRODUCTS_DIR; };
		8761E2CD1C035A8800F9D2C8 /* Assets.xcassets */ = {isa = PBXFileReference; lastKnownFileType = folder.assetcatalog; path = Assets.xcassets; sourceTree = "<group>"; };
		8761E2D71C03629200F9D2C8 /* LoginViewController.swift */ = {isa = PBXFileReference; fileEncoding = 4; lastKnownFileType = sourcecode.swift; path = LoginViewController.swift; sourceTree = "<group>"; };
		8761E2D91C0365E600F9D2C8 /* RegistrationViewController.swift */ = {isa = PBXFileReference; fileEncoding = 4; lastKnownFileType = sourcecode.swift; path = RegistrationViewController.swift; sourceTree = "<group>"; };
		8761E2DB1C036F8100F9D2C8 /* UserModel.swift */ = {isa = PBXFileReference; fileEncoding = 4; lastKnownFileType = sourcecode.swift; path = UserModel.swift; sourceTree = "<group>"; };
		87F77E061C03CC370057A3A6 /* FixImageOrientation.swift */ = {isa = PBXFileReference; fileEncoding = 4; lastKnownFileType = sourcecode.swift; path = FixImageOrientation.swift; sourceTree = "<group>"; };
		87F9387D1BFBEE47005DB677 /* MapKit.framework */ = {isa = PBXFileReference; lastKnownFileType = wrapper.framework; name = MapKit.framework; path = System/Library/Frameworks/MapKit.framework; sourceTree = SDKROOT; };
		9DF57BFC88E6D74F6033EC9B /* Pods-breadCrumbs.release.xcconfig */ = {isa = PBXFileReference; includeInIndex = 1; lastKnownFileType = text.xcconfig; name = "Pods-breadCrumbs.release.xcconfig"; path = "Pods/Target Support Files/Pods-breadCrumbs/Pods-breadCrumbs.release.xcconfig"; sourceTree = "<group>"; };
		9E5764141BFFB6D000D12066 /* global.swift */ = {isa = PBXFileReference; fileEncoding = 4; lastKnownFileType = sourcecode.swift; name = global.swift; path = ../global.swift; sourceTree = "<group>"; };
		9E673F7F1C03CB6E00124838 /* SettingsViewController.swift */ = {isa = PBXFileReference; fileEncoding = 4; lastKnownFileType = sourcecode.swift; path = SettingsViewController.swift; sourceTree = "<group>"; };
		9E799FE21BFE1DA8002232FD /* crumb.swift */ = {isa = PBXFileReference; fileEncoding = 4; lastKnownFileType = sourcecode.swift; path = crumb.swift; sourceTree = "<group>"; };
		9E996ABE1C00E0690072B916 /* Alamofire.xcodeproj */ = {isa = PBXFileReference; lastKnownFileType = "wrapper.pb-project"; name = Alamofire.xcodeproj; path = Alamofire/Alamofire.xcodeproj; sourceTree = SOURCE_ROOT; };
		9EABA44E1BFBE65A0094EC6A /* breadCrumbs.app */ = {isa = PBXFileReference; explicitFileType = wrapper.application; includeInIndex = 0; path = breadCrumbs.app; sourceTree = BUILT_PRODUCTS_DIR; };
		9EABA4511BFBE65A0094EC6A /* AppDelegate.swift */ = {isa = PBXFileReference; lastKnownFileType = sourcecode.swift; path = AppDelegate.swift; sourceTree = "<group>"; };
		9EABA4531BFBE65A0094EC6A /* MainMapViewController.swift */ = {isa = PBXFileReference; lastKnownFileType = sourcecode.swift; path = MainMapViewController.swift; sourceTree = "<group>"; };
		9EABA4551BFBE65A0094EC6A /* AddBreadCrumbViewController.swift */ = {isa = PBXFileReference; lastKnownFileType = sourcecode.swift; path = AddBreadCrumbViewController.swift; sourceTree = "<group>"; };
		9EABA4581BFBE65A0094EC6A /* Base */ = {isa = PBXFileReference; lastKnownFileType = file.storyboard; name = Base; path = Base.lproj/Main.storyboard; sourceTree = "<group>"; };
		9EABA45D1BFBE65A0094EC6A /* Base */ = {isa = PBXFileReference; lastKnownFileType = file.storyboard; name = Base; path = Base.lproj/LaunchScreen.storyboard; sourceTree = "<group>"; };
		9EABA45F1BFBE65A0094EC6A /* Info.plist */ = {isa = PBXFileReference; lastKnownFileType = text.plist.xml; path = Info.plist; sourceTree = "<group>"; };
		9ECE544E1C03E8D5009179E8 /* AboutPageViewController.swift */ = {isa = PBXFileReference; fileEncoding = 4; lastKnownFileType = sourcecode.swift; path = AboutPageViewController.swift; sourceTree = "<group>"; };
		9ED2C45E1BFE9783008AC393 /* Utilities.swift */ = {isa = PBXFileReference; fileEncoding = 4; lastKnownFileType = sourcecode.swift; path = Utilities.swift; sourceTree = "<group>"; };
		9EE810121C010FE300DE1159 /* PushCrumb.swift */ = {isa = PBXFileReference; fileEncoding = 4; lastKnownFileType = sourcecode.swift; path = PushCrumb.swift; sourceTree = "<group>"; };
		9EFE50211C026754004C5791 /* SingleCrumbViewController.swift */ = {isa = PBXFileReference; fileEncoding = 4; lastKnownFileType = sourcecode.swift; path = SingleCrumbViewController.swift; sourceTree = "<group>"; };
/* End PBXFileReference section */

/* Begin PBXFrameworksBuildPhase section */
		9EABA44B1BFBE65A0094EC6A /* Frameworks */ = {
			isa = PBXFrameworksBuildPhase;
			buildActionMask = 2147483647;
			files = (
				9E996ABB1C00DFA80072B916 /* Pods_breadCrumbs.framework in Frameworks */,
				87F9387E1BFBEE47005DB677 /* MapKit.framework in Frameworks */,
				9E996AD61C00E0780072B916 /* Alamofire.framework in Frameworks */,
			);
			runOnlyForDeploymentPostprocessing = 0;
		};
/* End PBXFrameworksBuildPhase section */

/* Begin PBXGroup section */
		183272AC79000755A85F3427 /* Pods */ = {
			isa = PBXGroup;
			children = (
				499731D010E4BF87B3CE7F13 /* Pods-breadCrumbs.debug.xcconfig */,
				9DF57BFC88E6D74F6033EC9B /* Pods-breadCrumbs.release.xcconfig */,
			);
			name = Pods;
			sourceTree = "<group>";
		};
		26BF1FF7F25BC1EDE2640161 /* Frameworks */ = {
			isa = PBXGroup;
			children = (
				5770B87D734234A34B7B2B59 /* Pods_breadCrumbs.framework */,
			);
			name = Frameworks;
			sourceTree = "<group>";
		};
		9E996ABF1C00E0690072B916 /* Products */ = {
			isa = PBXGroup;
			children = (
				9E996AC91C00E0690072B916 /* Alamofire.framework */,
				9E996ACB1C00E0690072B916 /* Alamofire iOS Tests.xctest */,
				9E996ACD1C00E0690072B916 /* Alamofire.framework */,
				9E996ACF1C00E0690072B916 /* Alamofire OSX Tests.xctest */,
				9E996AD11C00E0690072B916 /* Alamofire.framework */,
				9E996AD31C00E0690072B916 /* Alamofire tvOS Tests.xctest */,
				9E996AD51C00E0690072B916 /* Alamofire.framework */,
			);
			name = Products;
			sourceTree = "<group>";
		};
		9EABA4451BFBE65A0094EC6A = {
			isa = PBXGroup;
			children = (
				87F9387D1BFBEE47005DB677 /* MapKit.framework */,
				9EABA4501BFBE65A0094EC6A /* breadCrumbs */,
				9EABA44F1BFBE65A0094EC6A /* Products */,
				183272AC79000755A85F3427 /* Pods */,
				26BF1FF7F25BC1EDE2640161 /* Frameworks */,
			);
			sourceTree = "<group>";
		};
		9EABA44F1BFBE65A0094EC6A /* Products */ = {
			isa = PBXGroup;
			children = (
				9EABA44E1BFBE65A0094EC6A /* breadCrumbs.app */,
			);
			name = Products;
			sourceTree = "<group>";
		};
		9EABA4501BFBE65A0094EC6A /* breadCrumbs */ = {
			isa = PBXGroup;
			children = (
				9E996ABE1C00E0690072B916 /* Alamofire.xcodeproj */,
				9E5764141BFFB6D000D12066 /* global.swift */,
				8761E2DB1C036F8100F9D2C8 /* UserModel.swift */,
				9EABA4511BFBE65A0094EC6A /* AppDelegate.swift */,
				9EABA4531BFBE65A0094EC6A /* MainMapViewController.swift */,
				9EABA4551BFBE65A0094EC6A /* AddBreadCrumbViewController.swift */,
				87F77E061C03CC370057A3A6 /* FixImageOrientation.swift */,
				9EABA4571BFBE65A0094EC6A /* Main.storyboard */,
				9ECE544E1C03E8D5009179E8 /* AboutPageViewController.swift */,
				8761E2D91C0365E600F9D2C8 /* RegistrationViewController.swift */,
				8761E2D71C03629200F9D2C8 /* LoginViewController.swift */,
				8761E2CD1C035A8800F9D2C8 /* Assets.xcassets */,
				9E673F7F1C03CB6E00124838 /* SettingsViewController.swift */,
				9EFE50211C026754004C5791 /* SingleCrumbViewController.swift */,
				9EABA45C1BFBE65A0094EC6A /* LaunchScreen.storyboard */,
				9EABA45F1BFBE65A0094EC6A /* Info.plist */,
				9E799FE21BFE1DA8002232FD /* crumb.swift */,
				9EE810121C010FE300DE1159 /* PushCrumb.swift */,
				9ED2C45E1BFE9783008AC393 /* Utilities.swift */,
			);
			path = breadCrumbs;
			sourceTree = "<group>";
		};
/* End PBXGroup section */

/* Begin PBXNativeTarget section */
		9EABA44D1BFBE65A0094EC6A /* breadCrumbs */ = {
			isa = PBXNativeTarget;
			buildConfigurationList = 9EABA4621BFBE65A0094EC6A /* Build configuration list for PBXNativeTarget "breadCrumbs" */;
			buildPhases = (
				1167C9CE47E7A7AC4EE77785 /* Check Pods Manifest.lock */,
				9EABA44A1BFBE65A0094EC6A /* Sources */,
				9EABA44B1BFBE65A0094EC6A /* Frameworks */,
				9EABA44C1BFBE65A0094EC6A /* Resources */,
				E022D195FF279BD476E41C88 /* Embed Pods Frameworks */,
				15490EFEB41F9A673C9CC38F /* Copy Pods Resources */,
				9E996ABD1C00DFA80072B916 /* Embed Frameworks */,
			);
			buildRules = (
			);
			dependencies = (
				9E996AD91C00E0780072B916 /* PBXTargetDependency */,
			);
			name = breadCrumbs;
			productName = breadCrumbs;
			productReference = 9EABA44E1BFBE65A0094EC6A /* breadCrumbs.app */;
			productType = "com.apple.product-type.application";
		};
/* End PBXNativeTarget section */

/* Begin PBXProject section */
		9EABA4461BFBE65A0094EC6A /* Project object */ = {
			isa = PBXProject;
			attributes = {
				LastSwiftUpdateCheck = 0710;
				LastUpgradeCheck = 0710;
				ORGANIZATIONNAME = "Ben Fallon";
				TargetAttributes = {
					9EABA44D1BFBE65A0094EC6A = {
						CreatedOnToolsVersion = 7.1;
						DevelopmentTeam = W56D96232W;
						SystemCapabilities = {
							com.apple.Maps.iOS = {
								enabled = 1;
							};
						};
					};
				};
			};
			buildConfigurationList = 9EABA4491BFBE65A0094EC6A /* Build configuration list for PBXProject "breadCrumbs" */;
			compatibilityVersion = "Xcode 3.2";
			developmentRegion = English;
			hasScannedForEncodings = 0;
			knownRegions = (
				en,
				Base,
			);
			mainGroup = 9EABA4451BFBE65A0094EC6A;
			productRefGroup = 9EABA44F1BFBE65A0094EC6A /* Products */;
			projectDirPath = "";
			projectReferences = (
				{
					ProductGroup = 9E996ABF1C00E0690072B916 /* Products */;
					ProjectRef = 9E996ABE1C00E0690072B916 /* Alamofire.xcodeproj */;
				},
			);
			projectRoot = "";
			targets = (
				9EABA44D1BFBE65A0094EC6A /* breadCrumbs */,
			);
		};
/* End PBXProject section */

/* Begin PBXReferenceProxy section */
		9E996AC91C00E0690072B916 /* Alamofire.framework */ = {
			isa = PBXReferenceProxy;
			fileType = wrapper.framework;
			path = Alamofire.framework;
			remoteRef = 9E996AC81C00E0690072B916 /* PBXContainerItemProxy */;
			sourceTree = BUILT_PRODUCTS_DIR;
		};
		9E996ACB1C00E0690072B916 /* Alamofire iOS Tests.xctest */ = {
			isa = PBXReferenceProxy;
			fileType = wrapper.cfbundle;
			path = "Alamofire iOS Tests.xctest";
			remoteRef = 9E996ACA1C00E0690072B916 /* PBXContainerItemProxy */;
			sourceTree = BUILT_PRODUCTS_DIR;
		};
		9E996ACD1C00E0690072B916 /* Alamofire.framework */ = {
			isa = PBXReferenceProxy;
			fileType = wrapper.framework;
			path = Alamofire.framework;
			remoteRef = 9E996ACC1C00E0690072B916 /* PBXContainerItemProxy */;
			sourceTree = BUILT_PRODUCTS_DIR;
		};
		9E996ACF1C00E0690072B916 /* Alamofire OSX Tests.xctest */ = {
			isa = PBXReferenceProxy;
			fileType = wrapper.cfbundle;
			path = "Alamofire OSX Tests.xctest";
			remoteRef = 9E996ACE1C00E0690072B916 /* PBXContainerItemProxy */;
			sourceTree = BUILT_PRODUCTS_DIR;
		};
		9E996AD11C00E0690072B916 /* Alamofire.framework */ = {
			isa = PBXReferenceProxy;
			fileType = wrapper.framework;
			path = Alamofire.framework;
			remoteRef = 9E996AD01C00E0690072B916 /* PBXContainerItemProxy */;
			sourceTree = BUILT_PRODUCTS_DIR;
		};
		9E996AD31C00E0690072B916 /* Alamofire tvOS Tests.xctest */ = {
			isa = PBXReferenceProxy;
			fileType = wrapper.cfbundle;
			path = "Alamofire tvOS Tests.xctest";
			remoteRef = 9E996AD21C00E0690072B916 /* PBXContainerItemProxy */;
			sourceTree = BUILT_PRODUCTS_DIR;
		};
		9E996AD51C00E0690072B916 /* Alamofire.framework */ = {
			isa = PBXReferenceProxy;
			fileType = wrapper.framework;
			path = Alamofire.framework;
			remoteRef = 9E996AD41C00E0690072B916 /* PBXContainerItemProxy */;
			sourceTree = BUILT_PRODUCTS_DIR;
		};
/* End PBXReferenceProxy section */

/* Begin PBXResourcesBuildPhase section */
		9EABA44C1BFBE65A0094EC6A /* Resources */ = {
			isa = PBXResourcesBuildPhase;
			buildActionMask = 2147483647;
			files = (
				9EABA45E1BFBE65A0094EC6A /* LaunchScreen.storyboard in Resources */,
				8761E2CE1C035A8800F9D2C8 /* Assets.xcassets in Resources */,
				9EABA4591BFBE65A0094EC6A /* Main.storyboard in Resources */,
			);
			runOnlyForDeploymentPostprocessing = 0;
		};
/* End PBXResourcesBuildPhase section */

/* Begin PBXShellScriptBuildPhase section */
		1167C9CE47E7A7AC4EE77785 /* Check Pods Manifest.lock */ = {
			isa = PBXShellScriptBuildPhase;
			buildActionMask = 2147483647;
			files = (
			);
			inputPaths = (
			);
			name = "Check Pods Manifest.lock";
			outputPaths = (
			);
			runOnlyForDeploymentPostprocessing = 0;
			shellPath = /bin/sh;
			shellScript = "diff \"${PODS_ROOT}/../Podfile.lock\" \"${PODS_ROOT}/Manifest.lock\" > /dev/null\nif [[ $? != 0 ]] ; then\n    cat << EOM\nerror: The sandbox is not in sync with the Podfile.lock. Run 'pod install' or update your CocoaPods installation.\nEOM\n    exit 1\nfi\n";
			showEnvVarsInLog = 0;
		};
		15490EFEB41F9A673C9CC38F /* Copy Pods Resources */ = {
			isa = PBXShellScriptBuildPhase;
			buildActionMask = 2147483647;
			files = (
			);
			inputPaths = (
			);
			name = "Copy Pods Resources";
			outputPaths = (
			);
			runOnlyForDeploymentPostprocessing = 0;
			shellPath = /bin/sh;
			shellScript = "\"${SRCROOT}/Pods/Target Support Files/Pods-breadCrumbs/Pods-breadCrumbs-resources.sh\"\n";
			showEnvVarsInLog = 0;
		};
		E022D195FF279BD476E41C88 /* Embed Pods Frameworks */ = {
			isa = PBXShellScriptBuildPhase;
			buildActionMask = 2147483647;
			files = (
			);
			inputPaths = (
			);
			name = "Embed Pods Frameworks";
			outputPaths = (
			);
			runOnlyForDeploymentPostprocessing = 0;
			shellPath = /bin/sh;
			shellScript = "\"${SRCROOT}/Pods/Target Support Files/Pods-breadCrumbs/Pods-breadCrumbs-frameworks.sh\"\n";
			showEnvVarsInLog = 0;
		};
/* End PBXShellScriptBuildPhase section */

/* Begin PBXSourcesBuildPhase section */
		9EABA44A1BFBE65A0094EC6A /* Sources */ = {
			isa = PBXSourcesBuildPhase;
			buildActionMask = 2147483647;
			files = (
				9EE810131C010FE300DE1159 /* PushCrumb.swift in Sources */,
				9EABA4561BFBE65A0094EC6A /* AddBreadCrumbViewController.swift in Sources */,
				9EABA4521BFBE65A0094EC6A /* AppDelegate.swift in Sources */,
				8761E2DA1C0365E600F9D2C8 /* RegistrationViewController.swift in Sources */,
				9ED2C45F1BFE9783008AC393 /* Utilities.swift in Sources */,
				9EFE50221C026754004C5791 /* SingleCrumbViewController.swift in Sources */,
				87F77E071C03CC370057A3A6 /* FixImageOrientation.swift in Sources */,
				9E5764151BFFB6D000D12066 /* global.swift in Sources */,
				9EABA4541BFBE65A0094EC6A /* MainMapViewController.swift in Sources */,
				9ECE544F1C03E8D5009179E8 /* AboutPageViewController.swift in Sources */,
				8761E2D81C03629200F9D2C8 /* LoginViewController.swift in Sources */,
				8761E2DC1C036F8100F9D2C8 /* UserModel.swift in Sources */,
				9E799FE31BFE1DA8002232FD /* crumb.swift in Sources */,
				9E673F801C03CB6E00124838 /* SettingsViewController.swift in Sources */,
			);
			runOnlyForDeploymentPostprocessing = 0;
		};
/* End PBXSourcesBuildPhase section */

/* Begin PBXTargetDependency section */
		9E996AD91C00E0780072B916 /* PBXTargetDependency */ = {
			isa = PBXTargetDependency;
			name = "Alamofire iOS";
			targetProxy = 9E996AD81C00E0780072B916 /* PBXContainerItemProxy */;
		};
/* End PBXTargetDependency section */

/* Begin PBXVariantGroup section */
		9EABA4571BFBE65A0094EC6A /* Main.storyboard */ = {
			isa = PBXVariantGroup;
			children = (
				9EABA4581BFBE65A0094EC6A /* Base */,
			);
			name = Main.storyboard;
			sourceTree = "<group>";
		};
		9EABA45C1BFBE65A0094EC6A /* LaunchScreen.storyboard */ = {
			isa = PBXVariantGroup;
			children = (
				9EABA45D1BFBE65A0094EC6A /* Base */,
			);
			name = LaunchScreen.storyboard;
			sourceTree = "<group>";
		};
/* End PBXVariantGroup section */

/* Begin XCBuildConfiguration section */
		9EABA4601BFBE65A0094EC6A /* Debug */ = {
			isa = XCBuildConfiguration;
			buildSettings = {
				ALWAYS_SEARCH_USER_PATHS = NO;
				CLANG_CXX_LANGUAGE_STANDARD = "gnu++0x";
				CLANG_CXX_LIBRARY = "libc++";
				CLANG_ENABLE_MODULES = YES;
				CLANG_ENABLE_OBJC_ARC = YES;
				CLANG_WARN_BOOL_CONVERSION = YES;
				CLANG_WARN_CONSTANT_CONVERSION = YES;
				CLANG_WARN_DIRECT_OBJC_ISA_USAGE = YES_ERROR;
				CLANG_WARN_EMPTY_BODY = YES;
				CLANG_WARN_ENUM_CONVERSION = YES;
				CLANG_WARN_INT_CONVERSION = YES;
				CLANG_WARN_OBJC_ROOT_CLASS = YES_ERROR;
				CLANG_WARN_UNREACHABLE_CODE = YES;
				CLANG_WARN__DUPLICATE_METHOD_MATCH = YES;
				"CODE_SIGN_IDENTITY[sdk=iphoneos*]" = "iPhone Developer";
				COPY_PHASE_STRIP = NO;
				DEBUG_INFORMATION_FORMAT = dwarf;
				ENABLE_STRICT_OBJC_MSGSEND = YES;
				ENABLE_TESTABILITY = YES;
				GCC_C_LANGUAGE_STANDARD = gnu99;
				GCC_DYNAMIC_NO_PIC = NO;
				GCC_NO_COMMON_BLOCKS = YES;
				GCC_OPTIMIZATION_LEVEL = 0;
				GCC_PREPROCESSOR_DEFINITIONS = (
					"DEBUG=1",
					"$(inherited)",
				);
				GCC_WARN_64_TO_32_BIT_CONVERSION = YES;
				GCC_WARN_ABOUT_RETURN_TYPE = YES_ERROR;
				GCC_WARN_UNDECLARED_SELECTOR = YES;
				GCC_WARN_UNINITIALIZED_AUTOS = YES_AGGRESSIVE;
				GCC_WARN_UNUSED_FUNCTION = YES;
				GCC_WARN_UNUSED_VARIABLE = YES;
				IPHONEOS_DEPLOYMENT_TARGET = 9.1;
				MTL_ENABLE_DEBUG_INFO = YES;
				ONLY_ACTIVE_ARCH = YES;
				SDKROOT = iphoneos;
				SWIFT_OPTIMIZATION_LEVEL = "-Onone";
			};
			name = Debug;
		};
		9EABA4611BFBE65A0094EC6A /* Release */ = {
			isa = XCBuildConfiguration;
			buildSettings = {
				ALWAYS_SEARCH_USER_PATHS = NO;
				CLANG_CXX_LANGUAGE_STANDARD = "gnu++0x";
				CLANG_CXX_LIBRARY = "libc++";
				CLANG_ENABLE_MODULES = YES;
				CLANG_ENABLE_OBJC_ARC = YES;
				CLANG_WARN_BOOL_CONVERSION = YES;
				CLANG_WARN_CONSTANT_CONVERSION = YES;
				CLANG_WARN_DIRECT_OBJC_ISA_USAGE = YES_ERROR;
				CLANG_WARN_EMPTY_BODY = YES;
				CLANG_WARN_ENUM_CONVERSION = YES;
				CLANG_WARN_INT_CONVERSION = YES;
				CLANG_WARN_OBJC_ROOT_CLASS = YES_ERROR;
				CLANG_WARN_UNREACHABLE_CODE = YES;
				CLANG_WARN__DUPLICATE_METHOD_MATCH = YES;
				"CODE_SIGN_IDENTITY[sdk=iphoneos*]" = "iPhone Developer";
				COPY_PHASE_STRIP = NO;
				DEBUG_INFORMATION_FORMAT = "dwarf-with-dsym";
				ENABLE_NS_ASSERTIONS = NO;
				ENABLE_STRICT_OBJC_MSGSEND = YES;
				GCC_C_LANGUAGE_STANDARD = gnu99;
				GCC_NO_COMMON_BLOCKS = YES;
				GCC_WARN_64_TO_32_BIT_CONVERSION = YES;
				GCC_WARN_ABOUT_RETURN_TYPE = YES_ERROR;
				GCC_WARN_UNDECLARED_SELECTOR = YES;
				GCC_WARN_UNINITIALIZED_AUTOS = YES_AGGRESSIVE;
				GCC_WARN_UNUSED_FUNCTION = YES;
				GCC_WARN_UNUSED_VARIABLE = YES;
				IPHONEOS_DEPLOYMENT_TARGET = 9.1;
				MTL_ENABLE_DEBUG_INFO = NO;
				ONLY_ACTIVE_ARCH = YES;
				SDKROOT = iphoneos;
				VALIDATE_PRODUCT = YES;
			};
			name = Release;
		};
		9EABA4631BFBE65A0094EC6A /* Debug */ = {
			isa = XCBuildConfiguration;
			baseConfigurationReference = 499731D010E4BF87B3CE7F13 /* Pods-breadCrumbs.debug.xcconfig */;
			buildSettings = {
				ASSETCATALOG_COMPILER_APPICON_NAME = AppIcon;
				CODE_SIGN_IDENTITY = "iPhone Developer";
				"CODE_SIGN_IDENTITY[sdk=iphoneos*]" = "iPhone Developer";
				EMBEDDED_CONTENT_CONTAINS_SWIFT = YES;
				INFOPLIST_FILE = breadCrumbs/Info.plist;
				LD_RUNPATH_SEARCH_PATHS = "$(inherited) @executable_path/Frameworks";
				PRODUCT_BUNDLE_IDENTIFIER = "com.ben-fallon";
				PRODUCT_NAME = "$(TARGET_NAME)";
				PROVISIONING_PROFILE = "";
			};
			name = Debug;
		};
		9EABA4641BFBE65A0094EC6A /* Release */ = {
			isa = XCBuildConfiguration;
			baseConfigurationReference = 9DF57BFC88E6D74F6033EC9B /* Pods-breadCrumbs.release.xcconfig */;
			buildSettings = {
				ASSETCATALOG_COMPILER_APPICON_NAME = AppIcon;
				CODE_SIGN_IDENTITY = "iPhone Developer";
				"CODE_SIGN_IDENTITY[sdk=iphoneos*]" = "iPhone Developer";
				EMBEDDED_CONTENT_CONTAINS_SWIFT = YES;
				INFOPLIST_FILE = breadCrumbs/Info.plist;
				LD_RUNPATH_SEARCH_PATHS = "$(inherited) @executable_path/Frameworks";
				PRODUCT_BUNDLE_IDENTIFIER = "com.ben-fallon";
				PRODUCT_NAME = "$(TARGET_NAME)";
				PROVISIONING_PROFILE = "";
			};
			name = Release;
		};
/* End XCBuildConfiguration section */

/* Begin XCConfigurationList section */
		9EABA4491BFBE65A0094EC6A /* Build configuration list for PBXProject "breadCrumbs" */ = {
			isa = XCConfigurationList;
			buildConfigurations = (
				9EABA4601BFBE65A0094EC6A /* Debug */,
				9EABA4611BFBE65A0094EC6A /* Release */,
			);
			defaultConfigurationIsVisible = 0;
			defaultConfigurationName = Release;
		};
		9EABA4621BFBE65A0094EC6A /* Build configuration list for PBXNativeTarget "breadCrumbs" */ = {
			isa = XCConfigurationList;
			buildConfigurations = (
				9EABA4631BFBE65A0094EC6A /* Debug */,
				9EABA4641BFBE65A0094EC6A /* Release */,
			);
			defaultConfigurationIsVisible = 0;
			defaultConfigurationName = Release;
		};
/* End XCConfigurationList section */
	};
	rootObject = 9EABA4461BFBE65A0094EC6A /* Project object */;
}
